<?xml version="1.0" encoding="utf-8"?>
<Project ToolsVersion="4.0" xmlns="http://schemas.microsoft.com/developer/msbuild/2003">
  <ItemGroup>
    <Filter Include="Source Files">
      <UniqueIdentifier>{4FC737F1-C7A5-4376-A066-2A32D752A2FF}</UniqueIdentifier>
      <Extensions>cpp;c;cc;cxx;c++;cppm;ixx;def;odl;idl;hpj;bat;asm;asmx</Extensions>
    </Filter>
    <Filter Include="Header Files">
      <UniqueIdentifier>{93995380-89BD-4b04-88EB-625FBE52EBFB}</UniqueIdentifier>
      <Extensions>h;hh;hpp;hxx;h++;hm;inl;inc;ipp;xsd</Extensions>
    </Filter>
    <Filter Include="Resource Files">
      <UniqueIdentifier>{67DA6AB6-F800-4c08-8B7A-83BB121AAD01}</UniqueIdentifier>
      <Extensions>rc;ico;cur;bmp;dlg;rc2;rct;bin;rgs;gif;jpg;jpeg;jpe;resx;tiff;tif;png;wav;mfcribbon-ms</Extensions>
    </Filter>
    <Filter Include="Header Files\common">
      <UniqueIdentifier>{d8cad458-2621-49f8-a6cc-bc73d269b386}</UniqueIdentifier>
    </Filter>
    <Filter Include="Header Files\common\klib">
      <UniqueIdentifier>{315efd54-d075-409a-9482-6ad959af124e}</UniqueIdentifier>
    </Filter>
    <Filter Include="Source Files\common">
      <UniqueIdentifier>{74872cdd-6ace-40d2-bcf0-101f2b8d4f59}</UniqueIdentifier>
    </Filter>
    <Filter Include="Source Files\common\klib">
      <UniqueIdentifier>{99d45ec8-4c4c-4865-8bdc-3a9224023cb4}</UniqueIdentifier>
    </Filter>
    <Filter Include="Header Files\fi">
      <UniqueIdentifier>{c6938dd1-296d-46c7-8ced-9e0737cc34d1}</UniqueIdentifier>
    </Filter>
    <Filter Include="Source Files\fi">
      <UniqueIdentifier>{36866142-5c11-4ba2-a943-2ee904981369}</UniqueIdentifier>
    </Filter>
    <Filter Include="Header Files\fi\cli">
      <UniqueIdentifier>{c76e7660-70af-4894-b786-9b6f5c2ae154}</UniqueIdentifier>
    </Filter>
    <Filter Include="Source Files\fi\cli">
      <UniqueIdentifier>{b7730ac0-a805-4356-ad99-2195e2b494d6}</UniqueIdentifier>
    </Filter>
    <Filter Include="Header Files\fe">
      <UniqueIdentifier>{b7a770a2-0a98-4c03-b1df-cb3eff65220a}</UniqueIdentifier>
    </Filter>
    <Filter Include="Header Files\fe\xml">
      <UniqueIdentifier>{d2368fcb-9da2-4b78-a31d-a2d43b42dc13}</UniqueIdentifier>
    </Filter>
    <Filter Include="Header Files\common\pugixml">
      <UniqueIdentifier>{fe012983-ad7f-4752-bc72-a531953b49da}</UniqueIdentifier>
    </Filter>
    <Filter Include="Source Files\common\pugixml">
      <UniqueIdentifier>{cf8252e4-eae7-4bd3-b018-c8da6d8ea653}</UniqueIdentifier>
    </Filter>
    <Filter Include="Source Files\fe">
      <UniqueIdentifier>{f4b058d2-5757-4b38-8010-fb68eaab3036}</UniqueIdentifier>
    </Filter>
    <Filter Include="Source Files\fe\xml">
      <UniqueIdentifier>{9ec434eb-184e-44ea-9cb3-8ffa90bea495}</UniqueIdentifier>
    </Filter>
    <Filter Include="Header Files\fm">
      <UniqueIdentifier>{d0fb640e-70ea-4f0c-84c4-2e87873219c2}</UniqueIdentifier>
    </Filter>
    <Filter Include="Source Files\fm">
      <UniqueIdentifier>{58e5cf6e-4f06-4c1e-b6cd-9f6829b3fb0c}</UniqueIdentifier>
    </Filter>
    <Filter Include="Header Files\fm\song">
      <UniqueIdentifier>{755e7f6a-8e25-4feb-99df-872ccd9fdd1f}</UniqueIdentifier>
    </Filter>
    <Filter Include="Source Files\fm\song">
      <UniqueIdentifier>{3d069d09-a551-45ab-9077-674e67d51df5}</UniqueIdentifier>
    </Filter>
    <Filter Include="Header Files\common\midifile">
      <UniqueIdentifier>{1f61f41b-63fa-492d-a5d0-022eaec9d1c0}</UniqueIdentifier>
    </Filter>
    <Filter Include="Source Files\common\midifile">
      <UniqueIdentifier>{94e19ae3-6a22-4b07-9aa3-be934924dca2}</UniqueIdentifier>
    </Filter>
    <Filter Include="Header Files\fb">
      <UniqueIdentifier>{3b704254-0cf1-4797-88fc-0ae2ca9d342f}</UniqueIdentifier>
    </Filter>
    <Filter Include="Source Files\fb">
      <UniqueIdentifier>{84b7666b-c849-40bb-87c5-9119d38ffb85}</UniqueIdentifier>
    </Filter>
    <Filter Include="Header Files\fv">
      <UniqueIdentifier>{bf00aef5-b382-4392-a272-c37c55462a3b}</UniqueIdentifier>
    </Filter>
    <Filter Include="Source Files\fv">
      <UniqueIdentifier>{231abf33-fc64-400d-baa1-6ba5c2cb6668}</UniqueIdentifier>
    </Filter>
  </ItemGroup>
  <ItemGroup>
    <ClCompile Include="src\main.cpp">
      <Filter>Source Files</Filter>
    </ClCompile>
    <ClCompile Include="src\fi\Opcode.cpp">
      <Filter>Source Files\fi</Filter>
    </ClCompile>
    <ClCompile Include="src\common\klib\Kfile.cpp">
      <Filter>Source Files\common\klib</Filter>
    </ClCompile>
    <ClCompile Include="src\fi\IScriptLoader.cpp">
      <Filter>Source Files\fi</Filter>
    </ClCompile>
    <ClCompile Include="src\fi\AsmWriter.cpp">
      <Filter>Source Files\fi</Filter>
    </ClCompile>
    <ClCompile Include="src\fi\Shop.cpp">
      <Filter>Source Files\fi</Filter>
    </ClCompile>
    <ClCompile Include="src\fi\FaxString.cpp">
      <Filter>Source Files\fi</Filter>
    </ClCompile>
    <ClCompile Include="src\fi\AsmReader.cpp">
      <Filter>Source Files\fi</Filter>
    </ClCompile>
    <ClCompile Include="src\fi\AsmReaderStaticLinker.cpp">
      <Filter>Source Files\fi</Filter>
    </ClCompile>
    <ClCompile Include="src\fi\cli\Cli.cpp">
      <Filter>Source Files\fi\cli</Filter>
    </ClCompile>
    <ClCompile Include="src\common\pugixml\pugixml.cpp">
      <Filter>Source Files\common\pugixml</Filter>
    </ClCompile>
    <ClCompile Include="src\fe\Config.cpp">
      <Filter>Source Files\fe</Filter>
    </ClCompile>
    <ClCompile Include="src\fe\xml\Xml_helper.cpp">
      <Filter>Source Files\fe\xml</Filter>
    </ClCompile>
    <ClCompile Include="src\fm\MScriptLoader.cpp">
      <Filter>Source Files\fm</Filter>
    </ClCompile>
    <ClCompile Include="src\fm\MusicOpcode.cpp">
      <Filter>Source Files\fm</Filter>
    </ClCompile>
    <ClCompile Include="src\common\klib\Kstring.cpp">
      <Filter>Source Files\common\klib</Filter>
    </ClCompile>
    <ClCompile Include="src\fm\MMLWriter.cpp">
      <Filter>Source Files\fm</Filter>
    </ClCompile>
    <ClCompile Include="src\fm\MMLReader.cpp">
      <Filter>Source Files\fm</Filter>
    </ClCompile>
    <ClCompile Include="src\fm\fm_util.cpp">
      <Filter>Source Files\fm</Filter>
    </ClCompile>
    <ClCompile Include="src\fm\song\MMLChannel.cpp">
      <Filter>Source Files\fm\song</Filter>
    </ClCompile>
    <ClCompile Include="src\fm\song\MMLSong.cpp">
      <Filter>Source Files\fm\song</Filter>
    </ClCompile>
    <ClCompile Include="src\fm\song\Tokenizer.cpp">
      <Filter>Source Files\fm\song</Filter>
    </ClCompile>
    <ClCompile Include="src\fm\song\Parser.cpp">
      <Filter>Source Files\fm\song</Filter>
    </ClCompile>
    <ClCompile Include="src\fm\song\Fraction.cpp">
      <Filter>Source Files\fm\song</Filter>
    </ClCompile>
    <ClCompile Include="src\fm\song\MMLSongCollection.cpp">
      <Filter>Source Files\fm\song</Filter>
    </ClCompile>
    <ClCompile Include="src\common\midifile\Binasc.cpp">
      <Filter>Source Files\common\midifile</Filter>
    </ClCompile>
    <ClCompile Include="src\common\midifile\MidiEvent.cpp">
      <Filter>Source Files\common\midifile</Filter>
    </ClCompile>
    <ClCompile Include="src\common\midifile\MidiEventList.cpp">
      <Filter>Source Files\common\midifile</Filter>
    </ClCompile>
    <ClCompile Include="src\common\midifile\MidiFile.cpp">
      <Filter>Source Files\common\midifile</Filter>
    </ClCompile>
    <ClCompile Include="src\common\midifile\MidiMessage.cpp">
      <Filter>Source Files\common\midifile</Filter>
    </ClCompile>
    <ClCompile Include="src\common\midifile\Options.cpp">
      <Filter>Source Files\common\midifile</Filter>
    </ClCompile>
    <ClCompile Include="src\fm\song\LilyPond.cpp">
      <Filter>Source Files\fm\song</Filter>
    </ClCompile>
    <ClCompile Include="src\fb\BScriptLoader.cpp">
      <Filter>Source Files\fb</Filter>
    </ClCompile>
    <ClCompile Include="src\fb\BScriptOpcode.cpp">
      <Filter>Source Files\fb</Filter>
    </ClCompile>
    <ClCompile Include="src\fb\BScriptWriter.cpp">
      <Filter>Source Files\fb</Filter>
    </ClCompile>
    <ClCompile Include="src\fb\BScriptReader.cpp">
      <Filter>Source Files\fb</Filter>
    </ClCompile>
    <ClCompile Include="src\fv\MiscWriter.cpp">
      <Filter>Source Files\fv</Filter>
    </ClCompile>
  </ItemGroup>
  <ItemGroup>
    <ClInclude Include="src\fi\Opcode.h">
      <Filter>Header Files\fi</Filter>
    </ClInclude>
    <ClInclude Include="src\common\klib\Kfile.h">
      <Filter>Header Files\common\klib</Filter>
    </ClInclude>
    <ClInclude Include="src\fi\IScriptLoader.h">
      <Filter>Header Files\fi</Filter>
    </ClInclude>
    <ClInclude Include="src\fi\fi_constants.h">
      <Filter>Header Files\fi</Filter>
    </ClInclude>
    <ClInclude Include="src\fi\AsmWriter.h">
      <Filter>Header Files\fi</Filter>
    </ClInclude>
    <ClInclude Include="src\fi\Shop.h">
      <Filter>Header Files\fi</Filter>
    </ClInclude>
    <ClInclude Include="src\fi\FaxString.h">
      <Filter>Header Files\fi</Filter>
    </ClInclude>
    <ClInclude Include="src\fi\AsmReader.h">
      <Filter>Header Files\fi</Filter>
    </ClInclude>
    <ClInclude Include="src\fi\cli\Cli.h">
      <Filter>Header Files\fi\cli</Filter>
    </ClInclude>
    <ClInclude Include="src\fi\cli\application_constants.h">
      <Filter>Header Files\fi\cli</Filter>
    </ClInclude>
    <ClInclude Include="src\common\pugixml\pugiconfig.hpp">
      <Filter>Header Files\common\pugixml</Filter>
    </ClInclude>
    <ClInclude Include="src\common\pugixml\pugixml.hpp">
      <Filter>Header Files\common\pugixml</Filter>
    </ClInclude>
    <ClInclude Include="src\fe\xml\Xml_helper.h">
      <Filter>Header Files\fe\xml</Filter>
    </ClInclude>
    <ClInclude Include="src\fe\Config.h">
      <Filter>Header Files\fe</Filter>
    </ClInclude>
    <ClInclude Include="src\fe\xml\Xml_constants.h">
      <Filter>Header Files\fe\xml</Filter>
    </ClInclude>
    <ClInclude Include="src\fm\MScriptLoader.h">
      <Filter>Header Files\fm</Filter>
    </ClInclude>
    <ClInclude Include="src\fm\fm_constants.h">
      <Filter>Header Files\fm</Filter>
    </ClInclude>
    <ClInclude Include="src\fm\MusicOpcode.h">
      <Filter>Header Files\fm</Filter>
    </ClInclude>
    <ClInclude Include="src\common\klib\Kstring.h">
      <Filter>Header Files\common\klib</Filter>
    </ClInclude>
    <ClInclude Include="src\fm\MMLWriter.h">
      <Filter>Header Files\fm</Filter>
    </ClInclude>
    <ClInclude Include="src\fm\MMLReader.h">
      <Filter>Header Files\fm</Filter>
    </ClInclude>
    <ClInclude Include="src\fm\fm_util.h">
      <Filter>Header Files\fm</Filter>
    </ClInclude>
    <ClInclude Include="src\fm\song\MMLSong.h">
      <Filter>Header Files\fm\song</Filter>
    </ClInclude>
    <ClInclude Include="src\fm\song\Tokenizer.h">
      <Filter>Header Files\fm\song</Filter>
    </ClInclude>
    <ClInclude Include="src\fm\song\MMLEvent.h">
      <Filter>Header Files\fm\song</Filter>
    </ClInclude>
    <ClInclude Include="src\fm\song\Parser.h">
      <Filter>Header Files\fm\song</Filter>
    </ClInclude>
    <ClInclude Include="src\fm\song\mml_constants.h">
      <Filter>Header Files\fm\song</Filter>
    </ClInclude>
    <ClInclude Include="src\fm\song\ChannelWalker.h">
      <Filter>Header Files\fm\song</Filter>
    </ClInclude>
    <ClInclude Include="src\fm\song\MMLChannel.h">
      <Filter>Header Files\fm\song</Filter>
    </ClInclude>
    <ClInclude Include="src\fm\song\Fraction.h">
      <Filter>Header Files\fm\song</Filter>
    </ClInclude>
    <ClInclude Include="src\fm\song\MMLSongCollection.h">
      <Filter>Header Files\fm\song</Filter>
    </ClInclude>
    <ClInclude Include="src\common\midifile\Binasc.h">
      <Filter>Header Files\common\midifile</Filter>
    </ClInclude>
    <ClInclude Include="src\common\midifile\MidiEvent.h">
      <Filter>Header Files\common\midifile</Filter>
    </ClInclude>
    <ClInclude Include="src\common\midifile\MidiEventList.h">
      <Filter>Header Files\common\midifile</Filter>
    </ClInclude>
    <ClInclude Include="src\common\midifile\MidiFile.h">
      <Filter>Header Files\common\midifile</Filter>
    </ClInclude>
    <ClInclude Include="src\common\midifile\MidiMessage.h">
      <Filter>Header Files\common\midifile</Filter>
    </ClInclude>
    <ClInclude Include="src\common\midifile\Options.h">
      <Filter>Header Files\common\midifile</Filter>
    </ClInclude>
    <ClInclude Include="src\fm\song\LilyPond.h">
      <Filter>Header Files\fm\song</Filter>
    </ClInclude>
    <ClInclude Include="src\fb\fb_constants.h">
      <Filter>Header Files\fb</Filter>
    </ClInclude>
    <ClInclude Include="src\fb\BScriptLoader.h">
      <Filter>Header Files\fb</Filter>
    </ClInclude>
    <ClInclude Include="src\fb\BScriptOpcode.h">
      <Filter>Header Files\fb</Filter>
    </ClInclude>
    <ClInclude Include="src\fb\BScriptWriter.h">
      <Filter>Header Files\fb</Filter>
    </ClInclude>
    <ClInclude Include="src\fb\BScriptReader.h">
      <Filter>Header Files\fb</Filter>
    </ClInclude>
    <ClInclude Include="src\fv\MiscWriter.h">
      <Filter>Header Files\fv</Filter>
    </ClInclude>
    <ClInclude Include="src\fv\fv_constants.h">
      <Filter>Header Files\fv</Filter>
    </ClInclude>
  </ItemGroup>
</Project>